
Microsoft Visual Studio Solution File, Format Version 12.00
# Visual Studio Version 16
VisualStudioVersion = 16.0.29613.14
MinimumVisualStudioVersion = 10.0.40219.1
Project("{FAE04EC0-301F-11D3-BF4B-00C04F79EFBC}") = "SimplePerceptron", "SimplePerceptron\SimplePerceptron.csproj", "{48032C2B-448C-45F9-B0D5-BC1DDB961428}"
EndProject
Global
	GlobalSection(SolutionConfigurationPlatforms) = preSolution
		Debug|Any CPU = Debug|Any CPU
		Release|Any CPU = Release|Any CPU
	EndGlobalSection
	GlobalSection(ProjectConfigurationPlatforms) = postSolution
		{48032C2B-448C-45F9-B0D5-BC1DDB961428}.Debug|Any CPU.ActiveCfg = Debug|Any CPU
		{48032C2B-448C-45F9-B0D5-BC1DDB961428}.Debug|Any CPU.Build.0 = Debug|Any CPU
		{48032C2B-448C-45F9-B0D5-BC1DDB961428}.Release|Any CPU.ActiveCfg = Release|Any CPU
		{48032C2B-448C-45F9-B0D5-BC1DDB961428}.Release|Any CPU.Build.0 = Release|Any CPU
	EndGlobalSection
	GlobalSection(SolutionProperties) = preSolution
		HideSolutionNode = FALSE
	EndGlobalSection
	GlobalSection(ExtensibilityGlobals) = postSolution
		SolutionGuid = {4DC2F1F8-D60B-4E25-AA7C-35BE11575F21}
	EndGlobalSection
EndGlobal
